<?xml version="1.0" encoding="utf-8"?>
<Project ToolsVersion="4.0" xmlns="http://schemas.microsoft.com/developer/msbuild/2003">
  <ItemGroup>
    <Filter Include="Source Files">
      <UniqueIdentifier>{4FC737F1-C7A5-4376-A066-2A32D752A2FF}</UniqueIdentifier>
      <Extensions>cpp;c;cc;cxx;c++;cppm;ixx;def;odl;idl;hpj;bat;asm;asmx</Extensions>
    </Filter>
    <Filter Include="Header Files">
      <UniqueIdentifier>{93995380-89BD-4b04-88EB-625FBE52EBFB}</UniqueIdentifier>
      <Extensions>h;hh;hpp;hxx;h++;hm;inl;inc;ipp;xsd</Extensions>
    </Filter>
    <Filter Include="Resource Files">
      <UniqueIdentifier>{67DA6AB6-F800-4c08-8B7A-83BB121AAD01}</UniqueIdentifier>
      <Extensions>rc;ico;cur;bmp;dlg;rc2;rct;bin;rgs;gif;jpg;jpeg;jpe;resx;tiff;tif;png;wav;mfcribbon-ms</Extensions>
    </Filter>
  </ItemGroup>
  <ItemGroup>
    <ClInclude Include="framework.h">
      <Filter>Header Files</Filter>
    </ClInclude>
    <ClInclude Include="pch.h">
      <Filter>Header Files</Filter>
    </ClInclude>
    <ClInclude Include="..\..\libmseed-main\gmtime64.h">
      <Filter>Header Files</Filter>
    </ClInclude>
    <ClInclude Include="..\..\libmseed-main\libmseed.h">
      <Filter>Header Files</Filter>
    </ClInclude>
    <ClInclude Include="..\..\libmseed-main\mseedformat.h">
      <Filter>Header Files</Filter>
    </ClInclude>
    <ClInclude Include="..\..\libmseed-main\msio.h">
      <Filter>Header Files</Filter>
    </ClInclude>
    <ClInclude Include="..\..\libmseed-main\packdata.h">
      <Filter>Header Files</Filter>
    </ClInclude>
    <ClInclude Include="..\..\libmseed-main\parson.h">
      <Filter>Header Files</Filter>
    </ClInclude>
    <ClInclude Include="..\..\libmseed-main\unpack.h">
      <Filter>Header Files</Filter>
    </ClInclude>
    <ClInclude Include="..\..\libmseed-main\unpackdata.h">
      <Filter>Header Files</Filter>
    </ClInclude>
  </ItemGroup>
  <ItemGroup>
    <ClCompile Include="LibMSeedProj.cpp">
      <Filter>Source Files</Filter>
    </ClCompile>
    <ClCompile Include="pch.cpp">
      <Filter>Source Files</Filter>
    </ClCompile>
    <ClCompile Include="..\..\libmseed-main\crc32c.c">
      <Filter>Source Files</Filter>
    </ClCompile>
    <ClCompile Include="..\..\libmseed-main\extraheaders.c">
      <Filter>Source Files</Filter>
    </ClCompile>
    <ClCompile Include="..\..\libmseed-main\fileutils.c">
      <Filter>Source Files</Filter>
    </ClCompile>
    <ClCompile Include="..\..\libmseed-main\genutils.c">
      <Filter>Source Files</Filter>
    </ClCompile>
    <ClCompile Include="..\..\libmseed-main\gmtime64.c">
      <Filter>Source Files</Filter>
    </ClCompile>
    <ClCompile Include="..\..\libmseed-main\gswap.c">
      <Filter>Source Files</Filter>
    </ClCompile>
    <ClCompile Include="..\..\libmseed-main\logging.c">
      <Filter>Source Files</Filter>
    </ClCompile>
    <ClCompile Include="..\..\libmseed-main\lookup.c">
      <Filter>Source Files</Filter>
    </ClCompile>
    <ClCompile Include="..\..\libmseed-main\msio.c">
      <Filter>Source Files</Filter>
    </ClCompile>
    <ClCompile Include="..\..\libmseed-main\msrutils.c">
      <Filter>Source Files</Filter>
    </ClCompile>
    <ClCompile Include="..\..\libmseed-main\pack.c">
      <Filter>Source Files</Filter>
    </ClCompile>
    <ClCompile Include="..\..\libmseed-main\packdata.c">
      <Filter>Source Files</Filter>
    </ClCompile>
    <ClCompile Include="..\..\libmseed-main\parseutils.c">
      <Filter>Source Files</Filter>
    </ClCompile>
    <ClCompile Include="..\..\libmseed-main\parson.c">
      <Filter>Source Files</Filter>
    </ClCompile>
    <ClCompile Include="..\..\libmseed-main\selection.c">
      <Filter>Source Files</Filter>
    </ClCompile>
    <ClCompile Include="..\..\libmseed-main\tracelist.c">
      <Filter>Source Files</Filter>
    </ClCompile>
    <ClCompile Include="..\..\libmseed-main\unpack.c">
      <Filter>Source Files</Filter>
    </ClCompile>
    <ClCompile Include="..\..\libmseed-main\unpackdata.c">
      <Filter>Source Files</Filter>
    </ClCompile>
  </ItemGroup>
</Project>